
Microsoft Visual Studio Solution File, Format Version 12.00
# Visual Studio 15
Project("{FAE04EC0-301F-11D3-BF4B-00C04F79EFBC}") = "Assembly-CSharp", "Assembly-CSharp.csproj", "{DF252AA9-16ED-827F-35E8-DF959F093A72}"
EndProject
Global
	GlobalSection(SolutionConfigurationPlatforms) = preSolution
		Debug|Any CPU = Debug|Any CPU
		Release|Any CPU = Release|Any CPU
	EndGlobalSection
	GlobalSection(ProjectConfigurationPlatforms) = postSolution
		{DF252AA9-16ED-827F-35E8-DF959F093A72}.Debug|Any CPU.ActiveCfg = Debug|Any CPU
		{DF252AA9-16ED-827F-35E8-DF959F093A72}.Debug|Any CPU.Build.0 = Debug|Any CPU
		{DF252AA9-16ED-827F-35E8-DF959F093A72}.Release|Any CPU.ActiveCfg = Release|Any CPU
		{DF252AA9-16ED-827F-35E8-DF959F093A72}.Release|Any CPU.Build.0 = Release|Any CPU
	EndGlobalSection
	GlobalSection(SolutionProperties) = preSolution
		HideSolutionNode = FALSE
	EndGlobalSection
EndGlobal
